// !$*UTF8*$!
{
	archiveVersion = 1;
	classes = {
	};
	objectVersion = 46;
	objects = {

/* Begin PBXBuildFile section */
		212A2A991BFD60E5000856DB /* SXDatabase.m in Sources */ = {isa = PBXBuildFile; fileRef = 212A2A971BFD60E5000856DB /* SXDatabase.m */; };
		212C19451BFB090800A568BB /* MainTableViewCell.m in Sources */ = {isa = PBXBuildFile; fileRef = 212C19431BFB090800A568BB /* MainTableViewCell.m */; };
		212C19461BFB090800A568BB /* MainTableViewCell.xib in Resources */ = {isa = PBXBuildFile; fileRef = 212C19441BFB090800A568BB /* MainTableViewCell.xib */; };
		212C19481BFB22C100A568BB /* list@2x.png in Resources */ = {isa = PBXBuildFile; fileRef = 212C19471BFB22C100A568BB /* list@2x.png */; };
		213D5D3A1BF42D56008D9C25 /* ViewModelClass.m in Sources */ = {isa = PBXBuildFile; fileRef = 213D5D391BF42D56008D9C25 /* ViewModelClass.m */; };
		213D5D3E1BF42DE1008D9C25 /* NetRequestClass.m in Sources */ = {isa = PBXBuildFile; fileRef = 213D5D3D1BF42DE1008D9C25 /* NetRequestClass.m */; };
		213D5D461BF43CA2008D9C25 /* LoginViewController.m in Sources */ = {isa = PBXBuildFile; fileRef = 213D5D441BF43CA2008D9C25 /* LoginViewController.m */; };
		213D5D471BF43CA2008D9C25 /* LoginViewController.xib in Resources */ = {isa = PBXBuildFile; fileRef = 213D5D451BF43CA2008D9C25 /* LoginViewController.xib */; };
		213D5D491BF4417D008D9C25 /* CPIC_Logo@2x.png in Resources */ = {isa = PBXBuildFile; fileRef = 213D5D481BF4417D008D9C25 /* CPIC_Logo@2x.png */; };
		213D5D4B1BF441EF008D9C25 /* backgroud@2x.png in Resources */ = {isa = PBXBuildFile; fileRef = 213D5D4A1BF441EF008D9C25 /* backgroud@2x.png */; };
		213D5D4E1BF445D0008D9C25 /* no@2x.png in Resources */ = {isa = PBXBuildFile; fileRef = 213D5D4C1BF445D0008D9C25 /* no@2x.png */; };
		213D5D4F1BF445D0008D9C25 /* ok@2x.png in Resources */ = {isa = PBXBuildFile; fileRef = 213D5D4D1BF445D0008D9C25 /* ok@2x.png */; };
		213D5D5A1BF46B49008D9C25 /* MainViewController.m in Sources */ = {isa = PBXBuildFile; fileRef = 213D5D581BF46B49008D9C25 /* MainViewController.m */; };
		213D5D5B1BF46B49008D9C25 /* MainViewController.xib in Resources */ = {isa = PBXBuildFile; fileRef = 213D5D591BF46B49008D9C25 /* MainViewController.xib */; };
		213D5D661BF4973D008D9C25 /* PooCodeView.m in Sources */ = {isa = PBXBuildFile; fileRef = 213D5D651BF4973D008D9C25 /* PooCodeView.m */; };
		214EEBDD1BF9DD27003282D9 /* Images.xcassets in Resources */ = {isa = PBXBuildFile; fileRef = 214EEBDC1BF9DD27003282D9 /* Images.xcassets */; };
		21E307291C01FE3500646B2D /* SearchViewModel.m in Sources */ = {isa = PBXBuildFile; fileRef = 21E307281C01FE3500646B2D /* SearchViewModel.m */; };
		21E3BFF81BFEBD730091250B /* MainModel.m in Sources */ = {isa = PBXBuildFile; fileRef = 21E3BFF71BFEBD730091250B /* MainModel.m */; };
		21E3BFFF1BFEC47F0091250B /* MainViewModel.m in Sources */ = {isa = PBXBuildFile; fileRef = 21E3BFFE1BFEC47F0091250B /* MainViewModel.m */; };
		21E409901BFC2A8700F735B5 /* Encrpt.m in Sources */ = {isa = PBXBuildFile; fileRef = 21E4098E1BFC2A8700F735B5 /* Encrpt.m */; };
		21E409941BFC716100F735B5 /* LoginViewModel.m in Sources */ = {isa = PBXBuildFile; fileRef = 21E409931BFC716100F735B5 /* LoginViewModel.m */; };
		21E409981BFC7A7700F735B5 /* WCAlertView.m in Sources */ = {isa = PBXBuildFile; fileRef = 21E409971BFC7A7700F735B5 /* WCAlertView.m */; };
		21E666001C02E1F400B35D74 /* EntrustViewModel.m in Sources */ = {isa = PBXBuildFile; fileRef = 21E665FF1C02E1F400B35D74 /* EntrustViewModel.m */; };
		21E8D9761BF98CC500CE757D /* RepordViewController.m in Sources */ = {isa = PBXBuildFile; fileRef = 21E8D9741BF98CC500CE757D /* RepordViewController.m */; };
		21E8D9771BF98CC500CE757D /* RepordViewController.xib in Resources */ = {isa = PBXBuildFile; fileRef = 21E8D9751BF98CC500CE757D /* RepordViewController.xib */; };
		21E8D97B1BF9C88800CE757D /* RepordTableViewCell.m in Sources */ = {isa = PBXBuildFile; fileRef = 21E8D9791BF9C88800CE757D /* RepordTableViewCell.m */; };
		21E8D97C1BF9C88800CE757D /* RepordTableViewCell.xib in Resources */ = {isa = PBXBuildFile; fileRef = 21E8D97A1BF9C88800CE757D /* RepordTableViewCell.xib */; };
		21F7F9FF1BF58F9700CFB9A7 /* RNDirectionPanGestureRecognizer.m in Sources */ = {isa = PBXBuildFile; fileRef = 21F7F9F71BF58F9700CFB9A7 /* RNDirectionPanGestureRecognizer.m */; };
		21F7FA001BF58F9700CFB9A7 /* RNSwipeViewController.m in Sources */ = {isa = PBXBuildFile; fileRef = 21F7F9F91BF58F9700CFB9A7 /* RNSwipeViewController.m */; };
		21F7FA011BF58F9700CFB9A7 /* UIView+Sizes.m in Sources */ = {isa = PBXBuildFile; fileRef = 21F7F9FC1BF58F9700CFB9A7 /* UIView+Sizes.m */; };
		21F7FA021BF58F9700CFB9A7 /* UIViewController+RNSwipeViewController.m in Sources */ = {isa = PBXBuildFile; fileRef = 21F7F9FE1BF58F9700CFB9A7 /* UIViewController+RNSwipeViewController.m */; };
		21F7FA061BF5918400CFB9A7 /* LeftMenuViewController.m in Sources */ = {isa = PBXBuildFile; fileRef = 21F7FA041BF5918400CFB9A7 /* LeftMenuViewController.m */; };
		21F7FA071BF5918400CFB9A7 /* LeftMenuViewController.xib in Resources */ = {isa = PBXBuildFile; fileRef = 21F7FA051BF5918400CFB9A7 /* LeftMenuViewController.xib */; };
		21F7FA0D1BF5924300CFB9A7 /* SwichViewController.m in Sources */ = {isa = PBXBuildFile; fileRef = 21F7FA0C1BF5924300CFB9A7 /* SwichViewController.m */; };
		21F7FA0F1BF5961B00CFB9A7 /* leftButoom@2x.png in Resources */ = {isa = PBXBuildFile; fileRef = 21F7FA0E1BF5961B00CFB9A7 /* leftButoom@2x.png */; };
		21F7FA141BF5C34F00CFB9A7 /* LeftTableViewCell.m in Sources */ = {isa = PBXBuildFile; fileRef = 21F7FA121BF5C34F00CFB9A7 /* LeftTableViewCell.m */; };
		21F7FA151BF5C34F00CFB9A7 /* LeftTableViewCell.xib in Resources */ = {isa = PBXBuildFile; fileRef = 21F7FA131BF5C34F00CFB9A7 /* LeftTableViewCell.xib */; };
		21F7FA171BF5CC0800CFB9A7 /* headIcon@2x.png in Resources */ = {isa = PBXBuildFile; fileRef = 21F7FA161BF5CC0800CFB9A7 /* headIcon@2x.png */; };
		21F7FA1C1BF5CC9800CFB9A7 /* chakan@2x.png in Resources */ = {isa = PBXBuildFile; fileRef = 21F7FA181BF5CC9800CFB9A7 /* chakan@2x.png */; };
		21F7FA1D1BF5CC9800CFB9A7 /* chengbao@2x.png in Resources */ = {isa = PBXBuildFile; fileRef = 21F7FA191BF5CC9800CFB9A7 /* chengbao@2x.png */; };
		21F7FA1E1BF5CC9800CFB9A7 /* shangbao@2x.png in Resources */ = {isa = PBXBuildFile; fileRef = 21F7FA1A1BF5CC9800CFB9A7 /* shangbao@2x.png */; };
		21F7FA1F1BF5CC9800CFB9A7 /* tool@2x.png in Resources */ = {isa = PBXBuildFile; fileRef = 21F7FA1B1BF5CC9800CFB9A7 /* tool@2x.png */; };
		21F7FA221BF5D9C400CFB9A7 /* password@2x.png in Resources */ = {isa = PBXBuildFile; fileRef = 21F7FA201BF5D9C400CFB9A7 /* password@2x.png */; };
		21F7FA231BF5D9C400CFB9A7 /* user@2x.png in Resources */ = {isa = PBXBuildFile; fileRef = 21F7FA211BF5D9C400CFB9A7 /* user@2x.png */; };
		21F7FA281BF5E47800CFB9A7 /* SetingViewController.m in Sources */ = {isa = PBXBuildFile; fileRef = 21F7FA261BF5E47800CFB9A7 /* SetingViewController.m */; };
		21F7FA291BF5E47800CFB9A7 /* SetingViewController.xib in Resources */ = {isa = PBXBuildFile; fileRef = 21F7FA271BF5E47800CFB9A7 /* SetingViewController.xib */; };
		21FE20711BF19A71002B08FC /* main.m in Sources */ = {isa = PBXBuildFile; fileRef = 21FE20701BF19A71002B08FC /* main.m */; };
		21FE20741BF19A71002B08FC /* AppDelegate.m in Sources */ = {isa = PBXBuildFile; fileRef = 21FE20731BF19A71002B08FC /* AppDelegate.m */; };
		21FE207F1BF19A71002B08FC /* LaunchScreen.storyboard in Resources */ = {isa = PBXBuildFile; fileRef = 21FE207D1BF19A71002B08FC /* LaunchScreen.storyboard */; };
		21FE208A1BF19A71002B08FC /* YiNongXianTests.m in Sources */ = {isa = PBXBuildFile; fileRef = 21FE20891BF19A71002B08FC /* YiNongXianTests.m */; };
		21FE20951BF19A71002B08FC /* YiNongXianUITests.m in Sources */ = {isa = PBXBuildFile; fileRef = 21FE20941BF19A71002B08FC /* YiNongXianUITests.m */; };
		567F58AA10BC528E83AFE409 /* libPods.a in Frameworks */ = {isa = PBXBuildFile; fileRef = DE7DD37B4AD6320E3A690824 /* libPods.a */; };
/* End PBXBuildFile section */

/* Begin PBXContainerItemProxy section */
		21FE20861BF19A71002B08FC /* PBXContainerItemProxy */ = {
			isa = PBXContainerItemProxy;
			containerPortal = 21FE20641BF19A71002B08FC /* Project object */;
			proxyType = 1;
			remoteGlobalIDString = 21FE206B1BF19A71002B08FC;
			remoteInfo = YiNongXian;
		};
		21FE20911BF19A71002B08FC /* PBXContainerItemProxy */ = {
			isa = PBXContainerItemProxy;
			containerPortal = 21FE20641BF19A71002B08FC /* Project object */;
			proxyType = 1;
			remoteGlobalIDString = 21FE206B1BF19A71002B08FC;
			remoteInfo = YiNongXian;
		};
/* End PBXContainerItemProxy section */

/* Begin PBXFileReference section */
		212A2A971BFD60E5000856DB /* SXDatabase.m */ = {isa = PBXFileReference; fileEncoding = 4; lastKnownFileType = sourcecode.c.objc; name = SXDatabase.m; path = "../../Resource /SXDatabase.m"; sourceTree = "<group>"; };
		212A2A981BFD60E5000856DB /* SXDatabase.h */ = {isa = PBXFileReference; fileEncoding = 4; lastKnownFileType = sourcecode.c.h; name = SXDatabase.h; path = "../../Resource /SXDatabase.h"; sourceTree = "<group>"; };
		212C19421BFB090800A568BB /* MainTableViewCell.h */ = {isa = PBXFileReference; fileEncoding = 4; lastKnownFileType = sourcecode.c.h; path = MainTableViewCell.h; sourceTree = "<group>"; };
		212C19431BFB090800A568BB /* MainTableViewCell.m */ = {isa = PBXFileReference; fileEncoding = 4; lastKnownFileType = sourcecode.c.objc; path = MainTableViewCell.m; sourceTree = "<group>"; };
		212C19441BFB090800A568BB /* MainTableViewCell.xib */ = {isa = PBXFileReference; fileEncoding = 4; lastKnownFileType = file.xib; path = MainTableViewCell.xib; sourceTree = "<group>"; };
		212C19471BFB22C100A568BB /* list@2x.png */ = {isa = PBXFileReference; lastKnownFileType = image.png; path = "list@2x.png"; sourceTree = "<group>"; };
		213D5D381BF42D56008D9C25 /* ViewModelClass.h */ = {isa = PBXFileReference; fileEncoding = 4; lastKnownFileType = sourcecode.c.h; name = ViewModelClass.h; path = ViewModel/ViewModelClass.h; sourceTree = "<group>"; };
		213D5D391BF42D56008D9C25 /* ViewModelClass.m */ = {isa = PBXFileReference; fileEncoding = 4; lastKnownFileType = sourcecode.c.objc; name = ViewModelClass.m; path = ViewModel/ViewModelClass.m; sourceTree = "<group>"; };
		213D5D3C1BF42DE1008D9C25 /* NetRequestClass.h */ = {isa = PBXFileReference; fileEncoding = 4; lastKnownFileType = sourcecode.c.h; path = NetRequestClass.h; sourceTree = "<group>"; };
		213D5D3D1BF42DE1008D9C25 /* NetRequestClass.m */ = {isa = PBXFileReference; fileEncoding = 4; lastKnownFileType = sourcecode.c.objc; path = NetRequestClass.m; sourceTree = "<group>"; };
		213D5D411BF434D3008D9C25 /* PrefixHeader.pch */ = {isa = PBXFileReference; fileEncoding = 4; lastKnownFileType = sourcecode.c.h; path = PrefixHeader.pch; sourceTree = "<group>"; };
		213D5D431BF43CA2008D9C25 /* LoginViewController.h */ = {isa = PBXFileReference; fileEncoding = 4; lastKnownFileType = sourcecode.c.h; path = LoginViewController.h; sourceTree = "<group>"; };
		213D5D441BF43CA2008D9C25 /* LoginViewController.m */ = {isa = PBXFileReference; fileEncoding = 4; lastKnownFileType = sourcecode.c.objc; path = LoginViewController.m; sourceTree = "<group>"; };
		213D5D451BF43CA2008D9C25 /* LoginViewController.xib */ = {isa = PBXFileReference; fileEncoding = 4; lastKnownFileType = file.xib; path = LoginViewController.xib; sourceTree = "<group>"; };
		213D5D481BF4417D008D9C25 /* CPIC_Logo@2x.png */ = {isa = PBXFileReference; lastKnownFileType = image.png; path = "CPIC_Logo@2x.png"; sourceTree = "<group>"; };
		213D5D4A1BF441EF008D9C25 /* backgroud@2x.png */ = {isa = PBXFileReference; lastKnownFileType = image.png; path = "backgroud@2x.png"; sourceTree = "<group>"; };
		213D5D4C1BF445D0008D9C25 /* no@2x.png */ = {isa = PBXFileReference; lastKnownFileType = image.png; path = "no@2x.png"; sourceTree = "<group>"; };
		213D5D4D1BF445D0008D9C25 /* ok@2x.png */ = {isa = PBXFileReference; lastKnownFileType = image.png; path = "ok@2x.png"; sourceTree = "<group>"; };
		213D5D571BF46B49008D9C25 /* MainViewController.h */ = {isa = PBXFileReference; fileEncoding = 4; lastKnownFileType = sourcecode.c.h; path = MainViewController.h; sourceTree = "<group>"; };
		213D5D581BF46B49008D9C25 /* MainViewController.m */ = {isa = PBXFileReference; fileEncoding = 4; lastKnownFileType = sourcecode.c.objc; path = MainViewController.m; sourceTree = "<group>"; };
		213D5D591BF46B49008D9C25 /* MainViewController.xib */ = {isa = PBXFileReference; fileEncoding = 4; lastKnownFileType = file.xib; path = MainViewController.xib; sourceTree = "<group>"; };
		213D5D641BF4973D008D9C25 /* PooCodeView.h */ = {isa = PBXFileReference; fileEncoding = 4; lastKnownFileType = sourcecode.c.h; path = PooCodeView.h; sourceTree = "<group>"; };
		213D5D651BF4973D008D9C25 /* PooCodeView.m */ = {isa = PBXFileReference; fileEncoding = 4; lastKnownFileType = sourcecode.c.objc; path = PooCodeView.m; sourceTree = "<group>"; };
		214EEBDC1BF9DD27003282D9 /* Images.xcassets */ = {isa = PBXFileReference; lastKnownFileType = folder.assetcatalog; path = Images.xcassets; sourceTree = "<group>"; };
		21E307271C01FE3500646B2D /* SearchViewModel.h */ = {isa = PBXFileReference; fileEncoding = 4; lastKnownFileType = sourcecode.c.h; path = SearchViewModel.h; sourceTree = "<group>"; };
		21E307281C01FE3500646B2D /* SearchViewModel.m */ = {isa = PBXFileReference; fileEncoding = 4; lastKnownFileType = sourcecode.c.objc; path = SearchViewModel.m; sourceTree = "<group>"; };
		21E3BFF61BFEBD730091250B /* MainModel.h */ = {isa = PBXFileReference; fileEncoding = 4; lastKnownFileType = sourcecode.c.h; path = MainModel.h; sourceTree = "<group>"; };
		21E3BFF71BFEBD730091250B /* MainModel.m */ = {isa = PBXFileReference; fileEncoding = 4; lastKnownFileType = sourcecode.c.objc; path = MainModel.m; sourceTree = "<group>"; };
		21E3BFFD1BFEC47F0091250B /* MainViewModel.h */ = {isa = PBXFileReference; fileEncoding = 4; lastKnownFileType = sourcecode.c.h; path = MainViewModel.h; sourceTree = "<group>"; };
		21E3BFFE1BFEC47F0091250B /* MainViewModel.m */ = {isa = PBXFileReference; fileEncoding = 4; lastKnownFileType = sourcecode.c.objc; path = MainViewModel.m; sourceTree = "<group>"; };
		21E4098E1BFC2A8700F735B5 /* Encrpt.m */ = {isa = PBXFileReference; fileEncoding = 4; lastKnownFileType = sourcecode.c.objc; name = Encrpt.m; path = "../../Resource /Encrpt.m"; sourceTree = "<group>"; };
		21E4098F1BFC2A8700F735B5 /* Encrpt.h */ = {isa = PBXFileReference; fileEncoding = 4; lastKnownFileType = sourcecode.c.h; name = Encrpt.h; path = "../../Resource /Encrpt.h"; sourceTree = "<group>"; };
		21E409921BFC716100F735B5 /* LoginViewModel.h */ = {isa = PBXFileReference; fileEncoding = 4; lastKnownFileType = sourcecode.c.h; path = LoginViewModel.h; sourceTree = "<group>"; };
		21E409931BFC716100F735B5 /* LoginViewModel.m */ = {isa = PBXFileReference; fileEncoding = 4; lastKnownFileType = sourcecode.c.objc; path = LoginViewModel.m; sourceTree = "<group>"; };
		21E409961BFC7A7700F735B5 /* WCAlertView.h */ = {isa = PBXFileReference; fileEncoding = 4; lastKnownFileType = sourcecode.c.h; path = WCAlertView.h; sourceTree = "<group>"; };
		21E409971BFC7A7700F735B5 /* WCAlertView.m */ = {isa = PBXFileReference; fileEncoding = 4; lastKnownFileType = sourcecode.c.objc; path = WCAlertView.m; sourceTree = "<group>"; };
		21E665FE1C02E1F400B35D74 /* EntrustViewModel.h */ = {isa = PBXFileReference; fileEncoding = 4; lastKnownFileType = sourcecode.c.h; path = EntrustViewModel.h; sourceTree = "<group>"; };
		21E665FF1C02E1F400B35D74 /* EntrustViewModel.m */ = {isa = PBXFileReference; fileEncoding = 4; lastKnownFileType = sourcecode.c.objc; path = EntrustViewModel.m; sourceTree = "<group>"; };
		21E8D9731BF98CC500CE757D /* RepordViewController.h */ = {isa = PBXFileReference; fileEncoding = 4; lastKnownFileType = sourcecode.c.h; path = RepordViewController.h; sourceTree = "<group>"; };
		21E8D9741BF98CC500CE757D /* RepordViewController.m */ = {isa = PBXFileReference; fileEncoding = 4; lastKnownFileType = sourcecode.c.objc; path = RepordViewController.m; sourceTree = "<group>"; };
		21E8D9751BF98CC500CE757D /* RepordViewController.xib */ = {isa = PBXFileReference; fileEncoding = 4; lastKnownFileType = file.xib; path = RepordViewController.xib; sourceTree = "<group>"; };
		21E8D9781BF9C88800CE757D /* RepordTableViewCell.h */ = {isa = PBXFileReference; fileEncoding = 4; lastKnownFileType = sourcecode.c.h; path = RepordTableViewCell.h; sourceTree = "<group>"; };
		21E8D9791BF9C88800CE757D /* RepordTableViewCell.m */ = {isa = PBXFileReference; fileEncoding = 4; lastKnownFileType = sourcecode.c.objc; path = RepordTableViewCell.m; sourceTree = "<group>"; };
		21E8D97A1BF9C88800CE757D /* RepordTableViewCell.xib */ = {isa = PBXFileReference; fileEncoding = 4; lastKnownFileType = file.xib; path = RepordTableViewCell.xib; sourceTree = "<group>"; };
		21F7F9F61BF58F9700CFB9A7 /* RNDirectionPanGestureRecognizer.h */ = {isa = PBXFileReference; fileEncoding = 4; lastKnownFileType = sourcecode.c.h; path = RNDirectionPanGestureRecognizer.h; sourceTree = "<group>"; };
		21F7F9F71BF58F9700CFB9A7 /* RNDirectionPanGestureRecognizer.m */ = {isa = PBXFileReference; fileEncoding = 4; lastKnownFileType = sourcecode.c.objc; path = RNDirectionPanGestureRecognizer.m; sourceTree = "<group>"; };
		21F7F9F81BF58F9700CFB9A7 /* RNSwipeViewController.h */ = {isa = PBXFileReference; fileEncoding = 4; lastKnownFileType = sourcecode.c.h; path = RNSwipeViewController.h; sourceTree = "<group>"; };
		21F7F9F91BF58F9700CFB9A7 /* RNSwipeViewController.m */ = {isa = PBXFileReference; fileEncoding = 4; lastKnownFileType = sourcecode.c.objc; path = RNSwipeViewController.m; sourceTree = "<group>"; };
		21F7F9FA1BF58F9700CFB9A7 /* RNSwipeViewControllerDelegate.h */ = {isa = PBXFileReference; fileEncoding = 4; lastKnownFileType = sourcecode.c.h; path = RNSwipeViewControllerDelegate.h; sourceTree = "<group>"; };
		21F7F9FB1BF58F9700CFB9A7 /* UIView+Sizes.h */ = {isa = PBXFileReference; fileEncoding = 4; lastKnownFileType = sourcecode.c.h; path = "UIView+Sizes.h"; sourceTree = "<group>"; };
		21F7F9FC1BF58F9700CFB9A7 /* UIView+Sizes.m */ = {isa = PBXFileReference; fileEncoding = 4; lastKnownFileType = sourcecode.c.objc; path = "UIView+Sizes.m"; sourceTree = "<group>"; };
		21F7F9FD1BF58F9700CFB9A7 /* UIViewController+RNSwipeViewController.h */ = {isa = PBXFileReference; fileEncoding = 4; lastKnownFileType = sourcecode.c.h; path = "UIViewController+RNSwipeViewController.h"; sourceTree = "<group>"; };
		21F7F9FE1BF58F9700CFB9A7 /* UIViewController+RNSwipeViewController.m */ = {isa = PBXFileReference; fileEncoding = 4; lastKnownFileType = sourcecode.c.objc; path = "UIViewController+RNSwipeViewController.m"; sourceTree = "<group>"; };
		21F7FA031BF5918400CFB9A7 /* LeftMenuViewController.h */ = {isa = PBXFileReference; fileEncoding = 4; lastKnownFileType = sourcecode.c.h; name = LeftMenuViewController.h; path = ../MainViewController/LeftMenuViewController.h; sourceTree = "<group>"; };
		21F7FA041BF5918400CFB9A7 /* LeftMenuViewController.m */ = {isa = PBXFileReference; fileEncoding = 4; lastKnownFileType = sourcecode.c.objc; name = LeftMenuViewController.m; path = ../MainViewController/LeftMenuViewController.m; sourceTree = "<group>"; };
		21F7FA051BF5918400CFB9A7 /* LeftMenuViewController.xib */ = {isa = PBXFileReference; fileEncoding = 4; lastKnownFileType = file.xib; name = LeftMenuViewController.xib; path = ../MainViewController/LeftMenuViewController.xib; sourceTree = "<group>"; };
		21F7FA0B1BF5924300CFB9A7 /* SwichViewController.h */ = {isa = PBXFileReference; fileEncoding = 4; lastKnownFileType = sourcecode.c.h; path = SwichViewController.h; sourceTree = "<group>"; };
		21F7FA0C1BF5924300CFB9A7 /* SwichViewController.m */ = {isa = PBXFileReference; fileEncoding = 4; lastKnownFileType = sourcecode.c.objc; path = SwichViewController.m; sourceTree = "<group>"; };
		21F7FA0E1BF5961B00CFB9A7 /* leftButoom@2x.png */ = {isa = PBXFileReference; lastKnownFileType = image.png; path = "leftButoom@2x.png"; sourceTree = "<group>"; };
		21F7FA111BF5C34F00CFB9A7 /* LeftTableViewCell.h */ = {isa = PBXFileReference; fileEncoding = 4; lastKnownFileType = sourcecode.c.h; path = LeftTableViewCell.h; sourceTree = "<group>"; };
		21F7FA121BF5C34F00CFB9A7 /* LeftTableViewCell.m */ = {isa = PBXFileReference; fileEncoding = 4; lastKnownFileType = sourcecode.c.objc; path = LeftTableViewCell.m; sourceTree = "<group>"; };
		21F7FA131BF5C34F00CFB9A7 /* LeftTableViewCell.xib */ = {isa = PBXFileReference; fileEncoding = 4; lastKnownFileType = file.xib; path = LeftTableViewCell.xib; sourceTree = "<group>"; };
		21F7FA161BF5CC0800CFB9A7 /* headIcon@2x.png */ = {isa = PBXFileReference; lastKnownFileType = image.png; path = "headIcon@2x.png"; sourceTree = "<group>"; };
		21F7FA181BF5CC9800CFB9A7 /* chakan@2x.png */ = {isa = PBXFileReference; lastKnownFileType = image.png; path = "chakan@2x.png"; sourceTree = "<group>"; };
		21F7FA191BF5CC9800CFB9A7 /* chengbao@2x.png */ = {isa = PBXFileReference; lastKnownFileType = image.png; path = "chengbao@2x.png"; sourceTree = "<group>"; };
		21F7FA1A1BF5CC9800CFB9A7 /* shangbao@2x.png */ = {isa = PBXFileReference; lastKnownFileType = image.png; path = "shangbao@2x.png"; sourceTree = "<group>"; };
		21F7FA1B1BF5CC9800CFB9A7 /* tool@2x.png */ = {isa = PBXFileReference; lastKnownFileType = image.png; path = "tool@2x.png"; sourceTree = "<group>"; };
		21F7FA201BF5D9C400CFB9A7 /* password@2x.png */ = {isa = PBXFileReference; lastKnownFileType = image.png; path = "password@2x.png"; sourceTree = "<group>"; };
		21F7FA211BF5D9C400CFB9A7 /* user@2x.png */ = {isa = PBXFileReference; lastKnownFileType = image.png; path = "user@2x.png"; sourceTree = "<group>"; };
		21F7FA251BF5E47800CFB9A7 /* SetingViewController.h */ = {isa = PBXFileReference; fileEncoding = 4; lastKnownFileType = sourcecode.c.h; path = SetingViewController.h; sourceTree = "<group>"; };
		21F7FA261BF5E47800CFB9A7 /* SetingViewController.m */ = {isa = PBXFileReference; fileEncoding = 4; lastKnownFileType = sourcecode.c.objc; path = SetingViewController.m; sourceTree = "<group>"; };
		21F7FA271BF5E47800CFB9A7 /* SetingViewController.xib */ = {isa = PBXFileReference; fileEncoding = 4; lastKnownFileType = file.xib; path = SetingViewController.xib; sourceTree = "<group>"; };
		21FE206C1BF19A71002B08FC /* YiNongXian.app */ = {isa = PBXFileReference; explicitFileType = wrapper.application; includeInIndex = 0; path = YiNongXian.app; sourceTree = BUILT_PRODUCTS_DIR; };
		21FE20701BF19A71002B08FC /* main.m */ = {isa = PBXFileReference; lastKnownFileType = sourcecode.c.objc; path = main.m; sourceTree = "<group>"; };
		21FE20721BF19A71002B08FC /* AppDelegate.h */ = {isa = PBXFileReference; lastKnownFileType = sourcecode.c.h; path = AppDelegate.h; sourceTree = "<group>"; };
		21FE20731BF19A71002B08FC /* AppDelegate.m */ = {isa = PBXFileReference; lastKnownFileType = sourcecode.c.objc; path = AppDelegate.m; sourceTree = "<group>"; };
		21FE207E1BF19A71002B08FC /* Base */ = {isa = PBXFileReference; lastKnownFileType = file.storyboard; name = Base; path = Base.lproj/LaunchScreen.storyboard; sourceTree = "<group>"; };
		21FE20801BF19A71002B08FC /* Info.plist */ = {isa = PBXFileReference; lastKnownFileType = text.plist.xml; path = Info.plist; sourceTree = "<group>"; };
		21FE20851BF19A71002B08FC /* YiNongXianTests.xctest */ = {isa = PBXFileReference; explicitFileType = wrapper.cfbundle; includeInIndex = 0; path = YiNongXianTests.xctest; sourceTree = BUILT_PRODUCTS_DIR; };
		21FE20891BF19A71002B08FC /* YiNongXianTests.m */ = {isa = PBXFileReference; lastKnownFileType = sourcecode.c.objc; path = YiNongXianTests.m; sourceTree = "<group>"; };
		21FE208B1BF19A71002B08FC /* Info.plist */ = {isa = PBXFileReference; lastKnownFileType = text.plist.xml; path = Info.plist; sourceTree = "<group>"; };
		21FE20901BF19A71002B08FC /* YiNongXianUITests.xctest */ = {isa = PBXFileReference; explicitFileType = wrapper.cfbundle; includeInIndex = 0; path = YiNongXianUITests.xctest; sourceTree = BUILT_PRODUCTS_DIR; };
		21FE20941BF19A71002B08FC /* YiNongXianUITests.m */ = {isa = PBXFileReference; lastKnownFileType = sourcecode.c.objc; path = YiNongXianUITests.m; sourceTree = "<group>"; };
		21FE20961BF19A71002B08FC /* Info.plist */ = {isa = PBXFileReference; lastKnownFileType = text.plist.xml; path = Info.plist; sourceTree = "<group>"; };
		756F6C675D356848EE770230 /* Pods.debug.xcconfig */ = {isa = PBXFileReference; includeInIndex = 1; lastKnownFileType = text.xcconfig; name = Pods.debug.xcconfig; path = "Pods/Target Support Files/Pods/Pods.debug.xcconfig"; sourceTree = "<group>"; };
		82E19ED6D8142DEF0A087043 /* Pods.release.xcconfig */ = {isa = PBXFileReference; includeInIndex = 1; lastKnownFileType = text.xcconfig; name = Pods.release.xcconfig; path = "Pods/Target Support Files/Pods/Pods.release.xcconfig"; sourceTree = "<group>"; };
		DE7DD37B4AD6320E3A690824 /* libPods.a */ = {isa = PBXFileReference; explicitFileType = archive.ar; includeInIndex = 0; path = libPods.a; sourceTree = BUILT_PRODUCTS_DIR; };
/* End PBXFileReference section */

/* Begin PBXFrameworksBuildPhase section */
		21FE20691BF19A71002B08FC /* Frameworks */ = {
			isa = PBXFrameworksBuildPhase;
			buildActionMask = 2147483647;
			files = (
				567F58AA10BC528E83AFE409 /* libPods.a in Frameworks */,
			);
			runOnlyForDeploymentPostprocessing = 0;
		};
		21FE20821BF19A71002B08FC /* Frameworks */ = {
			isa = PBXFrameworksBuildPhase;
			buildActionMask = 2147483647;
			files = (
			);
			runOnlyForDeploymentPostprocessing = 0;
		};
		21FE208D1BF19A71002B08FC /* Frameworks */ = {
			isa = PBXFrameworksBuildPhase;
			buildActionMask = 2147483647;
			files = (
			);
			runOnlyForDeploymentPostprocessing = 0;
		};
/* End PBXFrameworksBuildPhase section */

/* Begin PBXGroup section */
		2078E3551491E5B5FE57D06C /* Pods */ = {
			isa = PBXGroup;
			children = (
				756F6C675D356848EE770230 /* Pods.debug.xcconfig */,
				82E19ED6D8142DEF0A087043 /* Pods.release.xcconfig */,
			);
			name = Pods;
			sourceTree = "<group>";
		};
		212C192D1BFAC1E600A568BB /* insuredViewController */ = {
			isa = PBXGroup;
			children = (
			);
			path = insuredViewController;
			sourceTree = "<group>";
		};
		213D5D231BF42615008D9C25 /* Resource  */ = {
			isa = PBXGroup;
			children = (
				213D5D241BF42615008D9C25 /* images */,
			);
			name = "Resource ";
			path = "../Resource ";
			sourceTree = "<group>";
		};
		213D5D241BF42615008D9C25 /* images */ = {
			isa = PBXGroup;
			children = (
				212C19471BFB22C100A568BB /* list@2x.png */,
				21F7FA201BF5D9C400CFB9A7 /* password@2x.png */,
				21F7FA211BF5D9C400CFB9A7 /* user@2x.png */,
				21F7FA181BF5CC9800CFB9A7 /* chakan@2x.png */,
				21F7FA191BF5CC9800CFB9A7 /* chengbao@2x.png */,
				21F7FA1A1BF5CC9800CFB9A7 /* shangbao@2x.png */,
				21F7FA1B1BF5CC9800CFB9A7 /* tool@2x.png */,
				21F7FA161BF5CC0800CFB9A7 /* headIcon@2x.png */,
				21F7FA0E1BF5961B00CFB9A7 /* leftButoom@2x.png */,
				213D5D4C1BF445D0008D9C25 /* no@2x.png */,
				213D5D4D1BF445D0008D9C25 /* ok@2x.png */,
				213D5D481BF4417D008D9C25 /* CPIC_Logo@2x.png */,
				213D5D4A1BF441EF008D9C25 /* backgroud@2x.png */,
			);
			path = images;
			sourceTree = "<group>";
		};
		213D5D351BF42D56008D9C25 /* Model */ = {
			isa = PBXGroup;
			children = (
				21E3BFF51BFEBD540091250B /* mainModel */,
			);
			path = Model;
			sourceTree = "<group>";
		};
		213D5D361BF42D56008D9C25 /* ViewControllers */ = {
			isa = PBXGroup;
			children = (
				212C192D1BFAC1E600A568BB /* insuredViewController */,
				21E8D9721BF98C8600CE757D /* RepordViewController */,
				21F7FA241BF5E45E00CFB9A7 /* SetingController */,
				21F7FA101BF5A8C000CFB9A7 /* LeftMunuController */,
				213D5D521BF468CF008D9C25 /* MainViewController */,
				213D5D421BF43C8D008D9C25 /* LoginViewController */,
			);
			path = ViewControllers;
			sourceTree = "<group>";
		};
		213D5D371BF42D56008D9C25 /* ViewModel */ = {
			isa = PBXGroup;
			children = (
				21E307261C01FE1C00646B2D /* searchViewModel */,
				21E3BFF91BFEBF840091250B /* MainViewModel */,
				21E409911BFC716100F735B5 /* LoginViewModel */,
			);
			path = ViewModel;
			sourceTree = "<group>";
		};
		213D5D3B1BF42DD1008D9C25 /* Request */ = {
			isa = PBXGroup;
			children = (
				213D5D3C1BF42DE1008D9C25 /* NetRequestClass.h */,
				213D5D3D1BF42DE1008D9C25 /* NetRequestClass.m */,
			);
			path = Request;
			sourceTree = "<group>";
		};
		213D5D421BF43C8D008D9C25 /* LoginViewController */ = {
			isa = PBXGroup;
			children = (
				213D5D641BF4973D008D9C25 /* PooCodeView.h */,
				213D5D651BF4973D008D9C25 /* PooCodeView.m */,
				213D5D431BF43CA2008D9C25 /* LoginViewController.h */,
				213D5D441BF43CA2008D9C25 /* LoginViewController.m */,
				213D5D451BF43CA2008D9C25 /* LoginViewController.xib */,
			);
			name = LoginViewController;
			path = Login;
			sourceTree = "<group>";
		};
		213D5D521BF468CF008D9C25 /* MainViewController */ = {
			isa = PBXGroup;
			children = (
				213D5D571BF46B49008D9C25 /* MainViewController.h */,
				213D5D581BF46B49008D9C25 /* MainViewController.m */,
				213D5D591BF46B49008D9C25 /* MainViewController.xib */,
				21F7FA0B1BF5924300CFB9A7 /* SwichViewController.h */,
				21F7FA0C1BF5924300CFB9A7 /* SwichViewController.m */,
				212C19421BFB090800A568BB /* MainTableViewCell.h */,
				212C19431BFB090800A568BB /* MainTableViewCell.m */,
				212C19441BFB090800A568BB /* MainTableViewCell.xib */,
			);
			path = MainViewController;
			sourceTree = "<group>";
		};
		21E307261C01FE1C00646B2D /* searchViewModel */ = {
			isa = PBXGroup;
			children = (
				21E307271C01FE3500646B2D /* SearchViewModel.h */,
				21E307281C01FE3500646B2D /* SearchViewModel.m */,
			);
			path = searchViewModel;
			sourceTree = "<group>";
		};
		21E3BFF41BFEB6D00091250B /* ThirdTools */ = {
			isa = PBXGroup;
			children = (
				212A2A981BFD60E5000856DB /* SXDatabase.h */,
				212A2A971BFD60E5000856DB /* SXDatabase.m */,
				21E409951BFC7A7700F735B5 /* WCAlertView */,
				21E4098E1BFC2A8700F735B5 /* Encrpt.m */,
				21E4098F1BFC2A8700F735B5 /* Encrpt.h */,
			);
			path = ThirdTools;
			sourceTree = "<group>";
		};
		21E3BFF51BFEBD540091250B /* mainModel */ = {
			isa = PBXGroup;
			children = (
				21E3BFF61BFEBD730091250B /* MainModel.h */,
				21E3BFF71BFEBD730091250B /* MainModel.m */,
			);
			name = mainModel;
			sourceTree = "<group>";
		};
		21E3BFF91BFEBF840091250B /* MainViewModel */ = {
			isa = PBXGroup;
			children = (
				21E3BFFD1BFEC47F0091250B /* MainViewModel.h */,
				21E3BFFE1BFEC47F0091250B /* MainViewModel.m */,
				21E665FE1C02E1F400B35D74 /* EntrustViewModel.h */,
				21E665FF1C02E1F400B35D74 /* EntrustViewModel.m */,
			);
			path = MainViewModel;
			sourceTree = "<group>";
		};
		21E409911BFC716100F735B5 /* LoginViewModel */ = {
			isa = PBXGroup;
			children = (
				21E409921BFC716100F735B5 /* LoginViewModel.h */,
				21E409931BFC716100F735B5 /* LoginViewModel.m */,
			);
			path = LoginViewModel;
			sourceTree = "<group>";
		};
		21E409951BFC7A7700F735B5 /* WCAlertView */ = {
			isa = PBXGroup;
			children = (
				21E409961BFC7A7700F735B5 /* WCAlertView.h */,
				21E409971BFC7A7700F735B5 /* WCAlertView.m */,
			);
			name = WCAlertView;
			path = "../../Resource /WCAlertView";
			sourceTree = "<group>";
		};
		21E8D9721BF98C8600CE757D /* RepordViewController */ = {
			isa = PBXGroup;
			children = (
				21E8D9731BF98CC500CE757D /* RepordViewController.h */,
				21E8D9741BF98CC500CE757D /* RepordViewController.m */,
				21E8D9751BF98CC500CE757D /* RepordViewController.xib */,
				21E8D9781BF9C88800CE757D /* RepordTableViewCell.h */,
				21E8D9791BF9C88800CE757D /* RepordTableViewCell.m */,
				21E8D97A1BF9C88800CE757D /* RepordTableViewCell.xib */,
			);
			path = RepordViewController;
			sourceTree = "<group>";
		};
		21F7F9F51BF58F9700CFB9A7 /* RNSwipeViewController */ = {
			isa = PBXGroup;
			children = (
				21F7F9F61BF58F9700CFB9A7 /* RNDirectionPanGestureRecognizer.h */,
				21F7F9F71BF58F9700CFB9A7 /* RNDirectionPanGestureRecognizer.m */,
				21F7F9F81BF58F9700CFB9A7 /* RNSwipeViewController.h */,
				21F7F9F91BF58F9700CFB9A7 /* RNSwipeViewController.m */,
				21F7F9FA1BF58F9700CFB9A7 /* RNSwipeViewControllerDelegate.h */,
				21F7F9FB1BF58F9700CFB9A7 /* UIView+Sizes.h */,
				21F7F9FC1BF58F9700CFB9A7 /* UIView+Sizes.m */,
				21F7F9FD1BF58F9700CFB9A7 /* UIViewController+RNSwipeViewController.h */,
				21F7F9FE1BF58F9700CFB9A7 /* UIViewController+RNSwipeViewController.m */,
			);
			path = RNSwipeViewController;
			sourceTree = "<group>";
		};
		21F7FA101BF5A8C000CFB9A7 /* LeftMunuController */ = {
			isa = PBXGroup;
			children = (
				21F7FA031BF5918400CFB9A7 /* LeftMenuViewController.h */,
				21F7FA041BF5918400CFB9A7 /* LeftMenuViewController.m */,
				21F7FA051BF5918400CFB9A7 /* LeftMenuViewController.xib */,
				21F7FA111BF5C34F00CFB9A7 /* LeftTableViewCell.h */,
				21F7FA121BF5C34F00CFB9A7 /* LeftTableViewCell.m */,
				21F7FA131BF5C34F00CFB9A7 /* LeftTableViewCell.xib */,
			);
			path = LeftMunuController;
			sourceTree = "<group>";
		};
		21F7FA241BF5E45E00CFB9A7 /* SetingController */ = {
			isa = PBXGroup;
			children = (
				21F7FA251BF5E47800CFB9A7 /* SetingViewController.h */,
				21F7FA261BF5E47800CFB9A7 /* SetingViewController.m */,
				21F7FA271BF5E47800CFB9A7 /* SetingViewController.xib */,
			);
			path = SetingController;
			sourceTree = "<group>";
		};
		21FE20631BF19A71002B08FC = {
			isa = PBXGroup;
			children = (
				21FE206E1BF19A71002B08FC /* YiNongXian */,
				21FE20881BF19A71002B08FC /* YiNongXianTests */,
				21FE20931BF19A71002B08FC /* YiNongXianUITests */,
				21FE206D1BF19A71002B08FC /* Products */,
				2078E3551491E5B5FE57D06C /* Pods */,
				24000248C983505534DFE7B3 /* Frameworks */,
			);
			sourceTree = "<group>";
		};
		21FE206D1BF19A71002B08FC /* Products */ = {
			isa = PBXGroup;
			children = (
				21FE206C1BF19A71002B08FC /* YiNongXian.app */,
				21FE20851BF19A71002B08FC /* YiNongXianTests.xctest */,
				21FE20901BF19A71002B08FC /* YiNongXianUITests.xctest */,
			);
			name = Products;
			sourceTree = "<group>";
		};
		21FE206E1BF19A71002B08FC /* YiNongXian */ = {
			isa = PBXGroup;
			children = (
				21E3BFF41BFEB6D00091250B /* ThirdTools */,
				213D5D231BF42615008D9C25 /* Resource  */,
				21F7F9F51BF58F9700CFB9A7 /* RNSwipeViewController */,
				213D5D3B1BF42DD1008D9C25 /* Request */,
				213D5D351BF42D56008D9C25 /* Model */,
				213D5D361BF42D56008D9C25 /* ViewControllers */,
				213D5D371BF42D56008D9C25 /* ViewModel */,
				21FE20721BF19A71002B08FC /* AppDelegate.h */,
				21FE20731BF19A71002B08FC /* AppDelegate.m */,
				213D5D381BF42D56008D9C25 /* ViewModelClass.h */,
				213D5D391BF42D56008D9C25 /* ViewModelClass.m */,
				21FE207D1BF19A71002B08FC /* LaunchScreen.storyboard */,
				21FE20801BF19A71002B08FC /* Info.plist */,
				214EEBDC1BF9DD27003282D9 /* Images.xcassets */,
				21FE206F1BF19A71002B08FC /* Supporting Files */,
			);
			path = YiNongXian;
			sourceTree = "<group>";
		};
		21FE206F1BF19A71002B08FC /* Supporting Files */ = {
			isa = PBXGroup;
			children = (
				21FE20701BF19A71002B08FC /* main.m */,
			);
			name = "Supporting Files";
			sourceTree = "<group>";
		};
		21FE20881BF19A71002B08FC /* YiNongXianTests */ = {
			isa = PBXGroup;
			children = (
				21FE20891BF19A71002B08FC /* YiNongXianTests.m */,
				21FE208B1BF19A71002B08FC /* Info.plist */,
				213D5D411BF434D3008D9C25 /* PrefixHeader.pch */,
			);
			path = YiNongXianTests;
			sourceTree = "<group>";
		};
		21FE20931BF19A71002B08FC /* YiNongXianUITests */ = {
			isa = PBXGroup;
			children = (
				21FE20941BF19A71002B08FC /* YiNongXianUITests.m */,
				21FE20961BF19A71002B08FC /* Info.plist */,
			);
			path = YiNongXianUITests;
			sourceTree = "<group>";
		};
		24000248C983505534DFE7B3 /* Frameworks */ = {
			isa = PBXGroup;
			children = (
				DE7DD37B4AD6320E3A690824 /* libPods.a */,
			);
			name = Frameworks;
			sourceTree = "<group>";
		};
/* End PBXGroup section */

/* Begin PBXNativeTarget section */
		21FE206B1BF19A71002B08FC /* YiNongXian */ = {
			isa = PBXNativeTarget;
			buildConfigurationList = 21FE20991BF19A71002B08FC /* Build configuration list for PBXNativeTarget "YiNongXian" */;
			buildPhases = (
				EF5BD7105AB1C6A69F2FDF8F /* Check Pods Manifest.lock */,
				21FE20681BF19A71002B08FC /* Sources */,
				21FE20691BF19A71002B08FC /* Frameworks */,
				21FE206A1BF19A71002B08FC /* Resources */,
				C617F6EACECC233146F0062F /* Embed Pods Frameworks */,
				9C45F56892C7E72E18B9FE9C /* Copy Pods Resources */,
			);
			buildRules = (
			);
			dependencies = (
			);
			name = YiNongXian;
			productName = YiNongXian;
			productReference = 21FE206C1BF19A71002B08FC /* YiNongXian.app */;
			productType = "com.apple.product-type.application";
		};
		21FE20841BF19A71002B08FC /* YiNongXianTests */ = {
			isa = PBXNativeTarget;
			buildConfigurationList = 21FE209C1BF19A71002B08FC /* Build configuration list for PBXNativeTarget "YiNongXianTests" */;
			buildPhases = (
				21FE20811BF19A71002B08FC /* Sources */,
				21FE20821BF19A71002B08FC /* Frameworks */,
				21FE20831BF19A71002B08FC /* Resources */,
			);
			buildRules = (
			);
			dependencies = (
				21FE20871BF19A71002B08FC /* PBXTargetDependency */,
			);
			name = YiNongXianTests;
			productName = YiNongXianTests;
			productReference = 21FE20851BF19A71002B08FC /* YiNongXianTests.xctest */;
			productType = "com.apple.product-type.bundle.unit-test";
		};
		21FE208F1BF19A71002B08FC /* YiNongXianUITests */ = {
			isa = PBXNativeTarget;
			buildConfigurationList = 21FE209F1BF19A71002B08FC /* Build configuration list for PBXNativeTarget "YiNongXianUITests" */;
			buildPhases = (
				21FE208C1BF19A71002B08FC /* Sources */,
				21FE208D1BF19A71002B08FC /* Frameworks */,
				21FE208E1BF19A71002B08FC /* Resources */,
			);
			buildRules = (
			);
			dependencies = (
				21FE20921BF19A71002B08FC /* PBXTargetDependency */,
			);
			name = YiNongXianUITests;
			productName = YiNongXianUITests;
			productReference = 21FE20901BF19A71002B08FC /* YiNongXianUITests.xctest */;
			productType = "com.apple.product-type.bundle.ui-testing";
		};
/* End PBXNativeTarget section */

/* Begin PBXProject section */
		21FE20641BF19A71002B08FC /* Project object */ = {
			isa = PBXProject;
			attributes = {
				LastUpgradeCheck = 0710;
				ORGANIZATIONNAME = bxlt;
				TargetAttributes = {
					21FE206B1BF19A71002B08FC = {
						CreatedOnToolsVersion = 7.1;
						DevelopmentTeam = T38EB4K9M6;
					};
					21FE20841BF19A71002B08FC = {
						CreatedOnToolsVersion = 7.1;
						TestTargetID = 21FE206B1BF19A71002B08FC;
					};
					21FE208F1BF19A71002B08FC = {
						CreatedOnToolsVersion = 7.1;
						TestTargetID = 21FE206B1BF19A71002B08FC;
					};
				};
			};
			buildConfigurationList = 21FE20671BF19A71002B08FC /* Build configuration list for PBXProject "YiNongXian" */;
			compatibilityVersion = "Xcode 3.2";
			developmentRegion = English;
			hasScannedForEncodings = 0;
			knownRegions = (
				en,
				Base,
			);
			mainGroup = 21FE20631BF19A71002B08FC;
			productRefGroup = 21FE206D1BF19A71002B08FC /* Products */;
			projectDirPath = "";
			projectRoot = "";
			targets = (
				21FE206B1BF19A71002B08FC /* YiNongXian */,
				21FE20841BF19A71002B08FC /* YiNongXianTests */,
				21FE208F1BF19A71002B08FC /* YiNongXianUITests */,
			);
		};
/* End PBXProject section */

/* Begin PBXResourcesBuildPhase section */
		21FE206A1BF19A71002B08FC /* Resources */ = {
			isa = PBXResourcesBuildPhase;
			buildActionMask = 2147483647;
			files = (
				213D5D491BF4417D008D9C25 /* CPIC_Logo@2x.png in Resources */,
				21F7FA1E1BF5CC9800CFB9A7 /* shangbao@2x.png in Resources */,
				21FE207F1BF19A71002B08FC /* LaunchScreen.storyboard in Resources */,
				212C19481BFB22C100A568BB /* list@2x.png in Resources */,
				213D5D4F1BF445D0008D9C25 /* ok@2x.png in Resources */,
				21F7FA1D1BF5CC9800CFB9A7 /* chengbao@2x.png in Resources */,
				21F7FA0F1BF5961B00CFB9A7 /* leftButoom@2x.png in Resources */,
				21E8D97C1BF9C88800CE757D /* RepordTableViewCell.xib in Resources */,
				21F7FA1F1BF5CC9800CFB9A7 /* tool@2x.png in Resources */,
				213D5D5B1BF46B49008D9C25 /* MainViewController.xib in Resources */,
				214EEBDD1BF9DD27003282D9 /* Images.xcassets in Resources */,
				21F7FA221BF5D9C400CFB9A7 /* password@2x.png in Resources */,
				213D5D4E1BF445D0008D9C25 /* no@2x.png in Resources */,
				21F7FA1C1BF5CC9800CFB9A7 /* chakan@2x.png in Resources */,
				21F7FA151BF5C34F00CFB9A7 /* LeftTableViewCell.xib in Resources */,
				213D5D471BF43CA2008D9C25 /* LoginViewController.xib in Resources */,
				213D5D4B1BF441EF008D9C25 /* backgroud@2x.png in Resources */,
				21F7FA291BF5E47800CFB9A7 /* SetingViewController.xib in Resources */,
				21E8D9771BF98CC500CE757D /* RepordViewController.xib in Resources */,
				21F7FA231BF5D9C400CFB9A7 /* user@2x.png in Resources */,
				21F7FA071BF5918400CFB9A7 /* LeftMenuViewController.xib in Resources */,
				21F7FA171BF5CC0800CFB9A7 /* headIcon@2x.png in Resources */,
				212C19461BFB090800A568BB /* MainTableViewCell.xib in Resources */,
			);
			runOnlyForDeploymentPostprocessing = 0;
		};
		21FE20831BF19A71002B08FC /* Resources */ = {
			isa = PBXResourcesBuildPhase;
			buildActionMask = 2147483647;
			files = (
			);
			runOnlyForDeploymentPostprocessing = 0;
		};
		21FE208E1BF19A71002B08FC /* Resources */ = {
			isa = PBXResourcesBuildPhase;
			buildActionMask = 2147483647;
			files = (
			);
			runOnlyForDeploymentPostprocessing = 0;
		};
/* End PBXResourcesBuildPhase section */

/* Begin PBXShellScriptBuildPhase section */
		9C45F56892C7E72E18B9FE9C /* Copy Pods Resources */ = {
			isa = PBXShellScriptBuildPhase;
			buildActionMask = 2147483647;
			files = (
			);
			inputPaths = (
			);
			name = "Copy Pods Resources";
			outputPaths = (
			);
			runOnlyForDeploymentPostprocessing = 0;
			shellPath = /bin/sh;
			shellScript = "\"${SRCROOT}/Pods/Target Support Files/Pods/Pods-resources.sh\"\n";
			showEnvVarsInLog = 0;
		};
		C617F6EACECC233146F0062F /* Embed Pods Frameworks */ = {
			isa = PBXShellScriptBuildPhase;
			buildActionMask = 2147483647;
			files = (
			);
			inputPaths = (
			);
			name = "Embed Pods Frameworks";
			outputPaths = (
			);
			runOnlyForDeploymentPostprocessing = 0;
			shellPath = /bin/sh;
			shellScript = "\"${SRCROOT}/Pods/Target Support Files/Pods/Pods-frameworks.sh\"\n";
			showEnvVarsInLog = 0;
		};
		EF5BD7105AB1C6A69F2FDF8F /* Check Pods Manifest.lock */ = {
			isa = PBXShellScriptBuildPhase;
			buildActionMask = 2147483647;
			files = (
			);
			inputPaths = (
			);
			name = "Check Pods Manifest.lock";
			outputPaths = (
			);
			runOnlyForDeploymentPostprocessing = 0;
			shellPath = /bin/sh;
			shellScript = "diff \"${PODS_ROOT}/../Podfile.lock\" \"${PODS_ROOT}/Manifest.lock\" > /dev/null\nif [[ $? != 0 ]] ; then\n    cat << EOM\nerror: The sandbox is not in sync with the Podfile.lock. Run 'pod install' or update your CocoaPods installation.\nEOM\n    exit 1\nfi\n";
			showEnvVarsInLog = 0;
		};
/* End PBXShellScriptBuildPhase section */

/* Begin PBXSourcesBuildPhase section */
		21FE20681BF19A71002B08FC /* Sources */ = {
			isa = PBXSourcesBuildPhase;
			buildActionMask = 2147483647;
			files = (
				21E3BFFF1BFEC47F0091250B /* MainViewModel.m in Sources */,
				21F7FA281BF5E47800CFB9A7 /* SetingViewController.m in Sources */,
				21E409941BFC716100F735B5 /* LoginViewModel.m in Sources */,
				21F7FA141BF5C34F00CFB9A7 /* LeftTableViewCell.m in Sources */,
				213D5D661BF4973D008D9C25 /* PooCodeView.m in Sources */,
				21E8D97B1BF9C88800CE757D /* RepordTableViewCell.m in Sources */,
				21E409981BFC7A7700F735B5 /* WCAlertView.m in Sources */,
				21F7FA001BF58F9700CFB9A7 /* RNSwipeViewController.m in Sources */,
				21F7FA021BF58F9700CFB9A7 /* UIViewController+RNSwipeViewController.m in Sources */,
				21FE20741BF19A71002B08FC /* AppDelegate.m in Sources */,
				21F7FA011BF58F9700CFB9A7 /* UIView+Sizes.m in Sources */,
				213D5D3A1BF42D56008D9C25 /* ViewModelClass.m in Sources */,
				212C19451BFB090800A568BB /* MainTableViewCell.m in Sources */,
				213D5D3E1BF42DE1008D9C25 /* NetRequestClass.m in Sources */,
				213D5D5A1BF46B49008D9C25 /* MainViewController.m in Sources */,
				212A2A991BFD60E5000856DB /* SXDatabase.m in Sources */,
				21E666001C02E1F400B35D74 /* EntrustViewModel.m in Sources */,
				21FE20711BF19A71002B08FC /* main.m in Sources */,
				21F7F9FF1BF58F9700CFB9A7 /* RNDirectionPanGestureRecognizer.m in Sources */,
				21E409901BFC2A8700F735B5 /* Encrpt.m in Sources */,
				21E8D9761BF98CC500CE757D /* RepordViewController.m in Sources */,
				21E3BFF81BFEBD730091250B /* MainModel.m in Sources */,
				21F7FA061BF5918400CFB9A7 /* LeftMenuViewController.m in Sources */,
				21F7FA0D1BF5924300CFB9A7 /* SwichViewController.m in Sources */,
				21E307291C01FE3500646B2D /* SearchViewModel.m in Sources */,
				213D5D461BF43CA2008D9C25 /* LoginViewController.m in Sources */,
			);
			runOnlyForDeploymentPostprocessing = 0;
		};
		21FE20811BF19A71002B08FC /* Sources */ = {
			isa = PBXSourcesBuildPhase;
			buildActionMask = 2147483647;
			files = (
				21FE208A1BF19A71002B08FC /* YiNongXianTests.m in Sources */,
			);
			runOnlyForDeploymentPostprocessing = 0;
		};
		21FE208C1BF19A71002B08FC /* Sources */ = {
			isa = PBXSourcesBuildPhase;
			buildActionMask = 2147483647;
			files = (
				21FE20951BF19A71002B08FC /* YiNongXianUITests.m in Sources */,
			);
			runOnlyForDeploymentPostprocessing = 0;
		};
/* End PBXSourcesBuildPhase section */

/* Begin PBXTargetDependency section */
		21FE20871BF19A71002B08FC /* PBXTargetDependency */ = {
			isa = PBXTargetDependency;
			target = 21FE206B1BF19A71002B08FC /* YiNongXian */;
			targetProxy = 21FE20861BF19A71002B08FC /* PBXContainerItemProxy */;
		};
		21FE20921BF19A71002B08FC /* PBXTargetDependency */ = {
			isa = PBXTargetDependency;
			target = 21FE206B1BF19A71002B08FC /* YiNongXian */;
			targetProxy = 21FE20911BF19A71002B08FC /* PBXContainerItemProxy */;
		};
/* End PBXTargetDependency section */

/* Begin PBXVariantGroup section */
		21FE207D1BF19A71002B08FC /* LaunchScreen.storyboard */ = {
			isa = PBXVariantGroup;
			children = (
				21FE207E1BF19A71002B08FC /* Base */,
			);
			name = LaunchScreen.storyboard;
			sourceTree = "<group>";
		};
/* End PBXVariantGroup section */

/* Begin XCBuildConfiguration section */
		21FE20971BF19A71002B08FC /* Debug */ = {
			isa = XCBuildConfiguration;
			buildSettings = {
				ALWAYS_SEARCH_USER_PATHS = NO;
				CLANG_CXX_LANGUAGE_STANDARD = "gnu++0x";
				CLANG_CXX_LIBRARY = "libc++";
				CLANG_ENABLE_MODULES = YES;
				CLANG_ENABLE_OBJC_ARC = YES;
				CLANG_WARN_BOOL_CONVERSION = YES;
				CLANG_WARN_CONSTANT_CONVERSION = YES;
				CLANG_WARN_DIRECT_OBJC_ISA_USAGE = YES_ERROR;
				CLANG_WARN_EMPTY_BODY = YES;
				CLANG_WARN_ENUM_CONVERSION = YES;
				CLANG_WARN_INT_CONVERSION = YES;
				CLANG_WARN_OBJC_ROOT_CLASS = YES_ERROR;
				CLANG_WARN_UNREACHABLE_CODE = YES;
				CLANG_WARN__DUPLICATE_METHOD_MATCH = YES;
				"CODE_SIGN_IDENTITY[sdk=iphoneos*]" = "iPhone Developer";
				COPY_PHASE_STRIP = NO;
				DEBUG_INFORMATION_FORMAT = dwarf;
				ENABLE_STRICT_OBJC_MSGSEND = YES;
				ENABLE_TESTABILITY = YES;
				GCC_C_LANGUAGE_STANDARD = gnu99;
				GCC_DYNAMIC_NO_PIC = NO;
				GCC_NO_COMMON_BLOCKS = YES;
				GCC_OPTIMIZATION_LEVEL = 0;
				GCC_PREPROCESSOR_DEFINITIONS = (
					"DEBUG=1",
					"$(inherited)",
				);
				GCC_WARN_64_TO_32_BIT_CONVERSION = YES;
				GCC_WARN_ABOUT_RETURN_TYPE = YES_ERROR;
				GCC_WARN_UNDECLARED_SELECTOR = YES;
				GCC_WARN_UNINITIALIZED_AUTOS = YES_AGGRESSIVE;
				GCC_WARN_UNUSED_FUNCTION = YES;
				GCC_WARN_UNUSED_VARIABLE = YES;
				IPHONEOS_DEPLOYMENT_TARGET = 9.1;
				MTL_ENABLE_DEBUG_INFO = YES;
				ONLY_ACTIVE_ARCH = YES;
				SDKROOT = iphoneos;
				TARGETED_DEVICE_FAMILY = 2;
			};
			name = Debug;
		};
		21FE20981BF19A71002B08FC /* Release */ = {
			isa = XCBuildConfiguration;
			buildSettings = {
				ALWAYS_SEARCH_USER_PATHS = NO;
				CLANG_CXX_LANGUAGE_STANDARD = "gnu++0x";
				CLANG_CXX_LIBRARY = "libc++";
				CLANG_ENABLE_MODULES = YES;
				CLANG_ENABLE_OBJC_ARC = YES;
				CLANG_WARN_BOOL_CONVERSION = YES;
				CLANG_WARN_CONSTANT_CONVERSION = YES;
				CLANG_WARN_DIRECT_OBJC_ISA_USAGE = YES_ERROR;
				CLANG_WARN_EMPTY_BODY = YES;
				CLANG_WARN_ENUM_CONVERSION = YES;
				CLANG_WARN_INT_CONVERSION = YES;
				CLANG_WARN_OBJC_ROOT_CLASS = YES_ERROR;
				CLANG_WARN_UNREACHABLE_CODE = YES;
				CLANG_WARN__DUPLICATE_METHOD_MATCH = YES;
				"CODE_SIGN_IDENTITY[sdk=iphoneos*]" = "iPhone Developer";
				COPY_PHASE_STRIP = NO;
				DEBUG_INFORMATION_FORMAT = "dwarf-with-dsym";
				ENABLE_NS_ASSERTIONS = NO;
				ENABLE_STRICT_OBJC_MSGSEND = YES;
				GCC_C_LANGUAGE_STANDARD = gnu99;
				GCC_NO_COMMON_BLOCKS = YES;
				GCC_WARN_64_TO_32_BIT_CONVERSION = YES;
				GCC_WARN_ABOUT_RETURN_TYPE = YES_ERROR;
				GCC_WARN_UNDECLARED_SELECTOR = YES;
				GCC_WARN_UNINITIALIZED_AUTOS = YES_AGGRESSIVE;
				GCC_WARN_UNUSED_FUNCTION = YES;
				GCC_WARN_UNUSED_VARIABLE = YES;
				IPHONEOS_DEPLOYMENT_TARGET = 9.1;
				MTL_ENABLE_DEBUG_INFO = NO;
				SDKROOT = iphoneos;
				TARGETED_DEVICE_FAMILY = 2;
				VALIDATE_PRODUCT = YES;
			};
			name = Release;
		};
		21FE209A1BF19A71002B08FC /* Debug */ = {
			isa = XCBuildConfiguration;
			baseConfigurationReference = 756F6C675D356848EE770230 /* Pods.debug.xcconfig */;
			buildSettings = {
				ASSETCATALOG_COMPILER_APPICON_NAME = AppIcon;
				ASSETCATALOG_COMPILER_LAUNCHIMAGE_NAME = LaunchImage;
				CODE_SIGN_IDENTITY = "iPhone Developer";
				GCC_PRECOMPILE_PREFIX_HEADER = YES;
				GCC_PREFIX_HEADER = YiNongXianTests/PrefixHeader.pch;
				INFOPLIST_FILE = YiNongXian/Info.plist;
				IPHONEOS_DEPLOYMENT_TARGET = 7.0;
				LD_RUNPATH_SEARCH_PATHS = "$(inherited) @executable_path/Frameworks";
				PRODUCT_BUNDLE_IDENTIFIER = com.bxlt.YiNongXian;
				PRODUCT_NAME = "$(TARGET_NAME)";
				PROVISIONING_PROFILE = "";
				TARGETED_DEVICE_FAMILY = 2;
			};
			name = Debug;
		};
		21FE209B1BF19A71002B08FC /* Release */ = {
			isa = XCBuildConfiguration;
			baseConfigurationReference = 82E19ED6D8142DEF0A087043 /* Pods.release.xcconfig */;
			buildSettings = {
				ASSETCATALOG_COMPILER_APPICON_NAME = AppIcon;
				ASSETCATALOG_COMPILER_LAUNCHIMAGE_NAME = LaunchImage;
				CODE_SIGN_IDENTITY = "iPhone Developer";
				GCC_PRECOMPILE_PREFIX_HEADER = YES;
				GCC_PREFIX_HEADER = YiNongXianTests/PrefixHeader.pch;
				INFOPLIST_FILE = YiNongXian/Info.plist;
				IPHONEOS_DEPLOYMENT_TARGET = 7.0;
				LD_RUNPATH_SEARCH_PATHS = "$(inherited) @executable_path/Frameworks";
				PRODUCT_BUNDLE_IDENTIFIER = com.bxlt.YiNongXian;
				PRODUCT_NAME = "$(TARGET_NAME)";
				PROVISIONING_PROFILE = "";
				TARGETED_DEVICE_FAMILY = 2;
			};
			name = Release;
		};
		21FE209D1BF19A71002B08FC /* Debug */ = {
			isa = XCBuildConfiguration;
			buildSettings = {
				BUNDLE_LOADER = "$(TEST_HOST)";
				INFOPLIST_FILE = YiNongXianTests/Info.plist;
				LD_RUNPATH_SEARCH_PATHS = "$(inherited) @executable_path/Frameworks @loader_path/Frameworks";
				PRODUCT_BUNDLE_IDENTIFIER = com.bxlt.YiNongXianTests;
				PRODUCT_NAME = "$(TARGET_NAME)";
				TEST_HOST = "$(BUILT_PRODUCTS_DIR)/YiNongXian.app/YiNongXian";
			};
			name = Debug;
		};
		21FE209E1BF19A71002B08FC /* Release */ = {
			isa = XCBuildConfiguration;
			buildSettings = {
				BUNDLE_LOADER = "$(TEST_HOST)";
				INFOPLIST_FILE = YiNongXianTests/Info.plist;
				LD_RUNPATH_SEARCH_PATHS = "$(inherited) @executable_path/Frameworks @loader_path/Frameworks";
				PRODUCT_BUNDLE_IDENTIFIER = com.bxlt.YiNongXianTests;
				PRODUCT_NAME = "$(TARGET_NAME)";
				TEST_HOST = "$(BUILT_PRODUCTS_DIR)/YiNongXian.app/YiNongXian";
			};
			name = Release;
		};
		21FE20A01BF19A71002B08FC /* Debug */ = {
			isa = XCBuildConfiguration;
			buildSettings = {
				INFOPLIST_FILE = YiNongXianUITests/Info.plist;
				LD_RUNPATH_SEARCH_PATHS = "$(inherited) @executable_path/Frameworks @loader_path/Frameworks";
				PRODUCT_BUNDLE_IDENTIFIER = com.bxlt.YiNongXianUITests;
				PRODUCT_NAME = "$(TARGET_NAME)";
				TEST_TARGET_NAME = YiNongXian;
				USES_XCTRUNNER = YES;
			};
			name = Debug;
		};
		21FE20A11BF19A71002B08FC /* Release */ = {
			isa = XCBuildConfiguration;
			buildSettings = {
				INFOPLIST_FILE = YiNongXianUITests/Info.plist;
				LD_RUNPATH_SEARCH_PATHS = "$(inherited) @executable_path/Frameworks @loader_path/Frameworks";
				PRODUCT_BUNDLE_IDENTIFIER = com.bxlt.YiNongXianUITests;
				PRODUCT_NAME = "$(TARGET_NAME)";
				TEST_TARGET_NAME = YiNongXian;
				USES_XCTRUNNER = YES;
			};
			name = Release;
		};
/* End XCBuildConfiguration section */

/* Begin XCConfigurationList section */
		21FE20671BF19A71002B08FC /* Build configuration list for PBXProject "YiNongXian" */ = {
			isa = XCConfigurationList;
			buildConfigurations = (
				21FE20971BF19A71002B08FC /* Debug */,
				21FE20981BF19A71002B08FC /* Release */,
			);
			defaultConfigurationIsVisible = 0;
			defaultConfigurationName = Release;
		};
		21FE20991BF19A71002B08FC /* Build configuration list for PBXNativeTarget "YiNongXian" */ = {
			isa = XCConfigurationList;
			buildConfigurations = (
				21FE209A1BF19A71002B08FC /* Debug */,
				21FE209B1BF19A71002B08FC /* Release */,
			);
			defaultConfigurationIsVisible = 0;
			defaultConfigurationName = Release;
		};
		21FE209C1BF19A71002B08FC /* Build configuration list for PBXNativeTarget "YiNongXianTests" */ = {
			isa = XCConfigurationList;
			buildConfigurations = (
				21FE209D1BF19A71002B08FC /* Debug */,
				21FE209E1BF19A71002B08FC /* Release */,
			);
			defaultConfigurationIsVisible = 0;
			defaultConfigurationName = Release;
		};
		21FE209F1BF19A71002B08FC /* Build configuration list for PBXNativeTarget "YiNongXianUITests" */ = {
			isa = XCConfigurationList;
			buildConfigurations = (
				21FE20A01BF19A71002B08FC /* Debug */,
				21FE20A11BF19A71002B08FC /* Release */,
			);
			defaultConfigurationIsVisible = 0;
			defaultConfigurationName = Release;
		};
/* End XCConfigurationList section */
	};
	rootObject = 21FE20641BF19A71002B08FC /* Project object */;
}
